# This file is automatically @generated by Cargo.
# It is not intended for manual editing.
version = 4

[[package]]
name = "fracture-core"
version = "0.1.0"

[[package]]
name = "fracture-exec"
version = "0.1.0"
dependencies = [
 "fracture-core",
 "fracture-risk",
]

[[package]]
name = "fracture-ingest"
version = "0.1.0"
dependencies = [
 "fracture-core",
]

[[package]]
name = "fracture-research"
version = "0.1.0"
dependencies = [
 "fracture-core",
 "fracture-ingest",
 "fracture-risk",
]

[[package]]
name = "fracture-risk"
version = "0.1.0"
dependencies = [
 "fracture-core",
]
